
Microsoft Visual Studio Solution File, Format Version 12.00
# Visual Studio Version 17
VisualStudioVersion = 17.0.31903.59
MinimumVisualStudioVersion = 10.0.40219.1
Project("{FAE04EC0-301F-11D3-BF4B-00C04F79EFBC}") = "DiziFilmTanitim.MAUI", "DiziFilmTanitim.MAUI\DiziFilmTanitim.MAUI.csproj", "{F2993172-C90C-4F72-A50F-CB45615EC0F0}"
EndProject
Project("{FAE04EC0-301F-11D3-BF4B-00C04F79EFBC}") = "DiziFilmTanitim.Api", "DiziFilmTanitim.Api\DiziFilmTanitim.Api.csproj", "{3E04D294-AB7B-40B1-AAC6-8DF839DF2EE3}"
EndProject
Project("{FAE04EC0-301F-11D3-BF4B-00C04F79EFBC}") = "DiziFilmTanitim.Core", "DiziFilmTanitim.Core\DiziFilmTanitim.Core.csproj", "{04D4B4CA-B18E-421E-AB1B-A4B8CE3C21FE}"
EndProject
Global
	GlobalSection(SolutionConfigurationPlatforms) = preSolution
		Debug|Any CPU = Debug|Any CPU
		Debug|x64 = Debug|x64
		Debug|x86 = Debug|x86
		Release|Any CPU = Release|Any CPU
		Release|x64 = Release|x64
		Release|x86 = Release|x86
	EndGlobalSection
	GlobalSection(ProjectConfigurationPlatforms) = postSolution
		{F2993172-C90C-4F72-A50F-CB45615EC0F0}.Debug|Any CPU.ActiveCfg = Debug|Any CPU
		{F2993172-C90C-4F72-A50F-CB45615EC0F0}.Debug|Any CPU.Build.0 = Debug|Any CPU
		{F2993172-C90C-4F72-A50F-CB45615EC0F0}.Debug|x64.ActiveCfg = Debug|Any CPU
		{F2993172-C90C-4F72-A50F-CB45615EC0F0}.Debug|x64.Build.0 = Debug|Any CPU
		{F2993172-C90C-4F72-A50F-CB45615EC0F0}.Debug|x86.ActiveCfg = Debug|Any CPU
		{F2993172-C90C-4F72-A50F-CB45615EC0F0}.Debug|x86.Build.0 = Debug|Any CPU
		{F2993172-C90C-4F72-A50F-CB45615EC0F0}.Release|Any CPU.ActiveCfg = Release|Any CPU
		{F2993172-C90C-4F72-A50F-CB45615EC0F0}.Release|Any CPU.Build.0 = Release|Any CPU
		{F2993172-C90C-4F72-A50F-CB45615EC0F0}.Release|x64.ActiveCfg = Release|Any CPU
		{F2993172-C90C-4F72-A50F-CB45615EC0F0}.Release|x64.Build.0 = Release|Any CPU
		{F2993172-C90C-4F72-A50F-CB45615EC0F0}.Release|x86.ActiveCfg = Release|Any CPU
		{F2993172-C90C-4F72-A50F-CB45615EC0F0}.Release|x86.Build.0 = Release|Any CPU
		{3E04D294-AB7B-40B1-AAC6-8DF839DF2EE3}.Debug|Any CPU.ActiveCfg = Debug|Any CPU
		{3E04D294-AB7B-40B1-AAC6-8DF839DF2EE3}.Debug|Any CPU.Build.0 = Debug|Any CPU
		{3E04D294-AB7B-40B1-AAC6-8DF839DF2EE3}.Debug|x64.ActiveCfg = Debug|Any CPU
		{3E04D294-AB7B-40B1-AAC6-8DF839DF2EE3}.Debug|x64.Build.0 = Debug|Any CPU
		{3E04D294-AB7B-40B1-AAC6-8DF839DF2EE3}.Debug|x86.ActiveCfg = Debug|Any CPU
		{3E04D294-AB7B-40B1-AAC6-8DF839DF2EE3}.Debug|x86.Build.0 = Debug|Any CPU
		{3E04D294-AB7B-40B1-AAC6-8DF839DF2EE3}.Release|Any CPU.ActiveCfg = Release|Any CPU
		{3E04D294-AB7B-40B1-AAC6-8DF839DF2EE3}.Release|Any CPU.Build.0 = Release|Any CPU
		{3E04D294-AB7B-40B1-AAC6-8DF839DF2EE3}.Release|x64.ActiveCfg = Release|Any CPU
		{3E04D294-AB7B-40B1-AAC6-8DF839DF2EE3}.Release|x64.Build.0 = Release|Any CPU
		{3E04D294-AB7B-40B1-AAC6-8DF839DF2EE3}.Release|x86.ActiveCfg = Release|Any CPU
		{3E04D294-AB7B-40B1-AAC6-8DF839DF2EE3}.Release|x86.Build.0 = Release|Any CPU
		{04D4B4CA-B18E-421E-AB1B-A4B8CE3C21FE}.Debug|Any CPU.ActiveCfg = Debug|Any CPU
		{04D4B4CA-B18E-421E-AB1B-A4B8CE3C21FE}.Debug|Any CPU.Build.0 = Debug|Any CPU
		{04D4B4CA-B18E-421E-AB1B-A4B8CE3C21FE}.Debug|x64.ActiveCfg = Debug|Any CPU
		{04D4B4CA-B18E-421E-AB1B-A4B8CE3C21FE}.Debug|x64.Build.0 = Debug|Any CPU
		{04D4B4CA-B18E-421E-AB1B-A4B8CE3C21FE}.Debug|x86.ActiveCfg = Debug|Any CPU
		{04D4B4CA-B18E-421E-AB1B-A4B8CE3C21FE}.Debug|x86.Build.0 = Debug|Any CPU
		{04D4B4CA-B18E-421E-AB1B-A4B8CE3C21FE}.Release|Any CPU.ActiveCfg = Release|Any CPU
		{04D4B4CA-B18E-421E-AB1B-A4B8CE3C21FE}.Release|Any CPU.Build.0 = Release|Any CPU
		{04D4B4CA-B18E-421E-AB1B-A4B8CE3C21FE}.Release|x64.ActiveCfg = Release|Any CPU
		{04D4B4CA-B18E-421E-AB1B-A4B8CE3C21FE}.Release|x64.Build.0 = Release|Any CPU
		{04D4B4CA-B18E-421E-AB1B-A4B8CE3C21FE}.Release|x86.ActiveCfg = Release|Any CPU
		{04D4B4CA-B18E-421E-AB1B-A4B8CE3C21FE}.Release|x86.Build.0 = Release|Any CPU
	EndGlobalSection
	GlobalSection(SolutionProperties) = preSolution
		HideSolutionNode = FALSE
	EndGlobalSection
EndGlobal
